
Microsoft Visual Studio Solution File, Format Version 12.00
# Visual Studio Version 17
VisualStudioVersion = 17.13.35806.99
MinimumVisualStudioVersion = 10.0.40219.1
Project("{FAE04EC0-301F-11D3-BF4B-00C04F79EFBC}") = "ProductAPI", "ProductAPI\ProductAPI.csproj", "{5BAC831F-D40D-47B3-A405-61D4D1B60042}"
EndProject
Project("{FAE04EC0-301F-11D3-BF4B-00C04F79EFBC}") = "ShoppingCartAPI", "ShoppingCartAPI\ShoppingCartAPI.csproj", "{77EA2683-A923-4F95-8D2C-CE482253B780}"
	ProjectSection(ProjectDependencies) = postProject
		{1D7CC29C-FBC3-41B5-BDF3-8B11E13EC3A7} = {1D7CC29C-FBC3-41B5-BDF3-8B11E13EC3A7}
	EndProjectSection
EndProject
Project("{FAE04EC0-301F-11D3-BF4B-00C04F79EFBC}") = "CouponAPI", "CouponAPI\CouponAPI.csproj", "{3166BA29-F1AD-4CE8-97FC-C778D54082B7}"
EndProject
Project("{FAE04EC0-301F-11D3-BF4B-00C04F79EFBC}") = "EShop.Contracts", "EShop.Contracts\EShop.Contracts.csproj", "{1D7CC29C-FBC3-41B5-BDF3-8B11E13EC3A7}"
EndProject
Project("{FAE04EC0-301F-11D3-BF4B-00C04F79EFBC}") = "EShop.OrderAPI", "EShop.OrderAPI\EShop.OrderAPI.csproj", "{330F8602-8BF3-4FBD-9A88-A33E337E8E9A}"
EndProject
Project("{FAE04EC0-301F-11D3-BF4B-00C04F79EFBC}") = "PaymentProcessor", "PaymentProcessor\PaymentProcessor.csproj", "{D583E52E-3489-461C-A245-646C7AC90964}"
EndProject
Project("{FAE04EC0-301F-11D3-BF4B-00C04F79EFBC}") = "EShop.PaymentAPI", "EShop.PaymentAPI\EShop.PaymentAPI.csproj", "{0CA3B689-C9D4-4D62-9431-2B73E2CFED8B}"
EndProject
Global
	GlobalSection(SolutionConfigurationPlatforms) = preSolution
		Debug|Any CPU = Debug|Any CPU
		Debug|x64 = Debug|x64
		Debug|x86 = Debug|x86
		Release|Any CPU = Release|Any CPU
		Release|x64 = Release|x64
		Release|x86 = Release|x86
	EndGlobalSection
	GlobalSection(ProjectConfigurationPlatforms) = postSolution
		{5BAC831F-D40D-47B3-A405-61D4D1B60042}.Debug|Any CPU.ActiveCfg = Debug|Any CPU
		{5BAC831F-D40D-47B3-A405-61D4D1B60042}.Debug|Any CPU.Build.0 = Debug|Any CPU
		{5BAC831F-D40D-47B3-A405-61D4D1B60042}.Debug|x64.ActiveCfg = Debug|Any CPU
		{5BAC831F-D40D-47B3-A405-61D4D1B60042}.Debug|x64.Build.0 = Debug|Any CPU
		{5BAC831F-D40D-47B3-A405-61D4D1B60042}.Debug|x86.ActiveCfg = Debug|Any CPU
		{5BAC831F-D40D-47B3-A405-61D4D1B60042}.Debug|x86.Build.0 = Debug|Any CPU
		{5BAC831F-D40D-47B3-A405-61D4D1B60042}.Release|Any CPU.ActiveCfg = Release|Any CPU
		{5BAC831F-D40D-47B3-A405-61D4D1B60042}.Release|Any CPU.Build.0 = Release|Any CPU
		{5BAC831F-D40D-47B3-A405-61D4D1B60042}.Release|x64.ActiveCfg = Release|Any CPU
		{5BAC831F-D40D-47B3-A405-61D4D1B60042}.Release|x64.Build.0 = Release|Any CPU
		{5BAC831F-D40D-47B3-A405-61D4D1B60042}.Release|x86.ActiveCfg = Release|Any CPU
		{5BAC831F-D40D-47B3-A405-61D4D1B60042}.Release|x86.Build.0 = Release|Any CPU
		{77EA2683-A923-4F95-8D2C-CE482253B780}.Debug|Any CPU.ActiveCfg = Debug|Any CPU
		{77EA2683-A923-4F95-8D2C-CE482253B780}.Debug|Any CPU.Build.0 = Debug|Any CPU
		{77EA2683-A923-4F95-8D2C-CE482253B780}.Debug|x64.ActiveCfg = Debug|Any CPU
		{77EA2683-A923-4F95-8D2C-CE482253B780}.Debug|x64.Build.0 = Debug|Any CPU
		{77EA2683-A923-4F95-8D2C-CE482253B780}.Debug|x86.ActiveCfg = Debug|Any CPU
		{77EA2683-A923-4F95-8D2C-CE482253B780}.Debug|x86.Build.0 = Debug|Any CPU
		{77EA2683-A923-4F95-8D2C-CE482253B780}.Release|Any CPU.ActiveCfg = Release|Any CPU
		{77EA2683-A923-4F95-8D2C-CE482253B780}.Release|Any CPU.Build.0 = Release|Any CPU
		{77EA2683-A923-4F95-8D2C-CE482253B780}.Release|x64.ActiveCfg = Release|Any CPU
		{77EA2683-A923-4F95-8D2C-CE482253B780}.Release|x64.Build.0 = Release|Any CPU
		{77EA2683-A923-4F95-8D2C-CE482253B780}.Release|x86.ActiveCfg = Release|Any CPU
		{77EA2683-A923-4F95-8D2C-CE482253B780}.Release|x86.Build.0 = Release|Any CPU
		{3166BA29-F1AD-4CE8-97FC-C778D54082B7}.Debug|Any CPU.ActiveCfg = Debug|Any CPU
		{3166BA29-F1AD-4CE8-97FC-C778D54082B7}.Debug|Any CPU.Build.0 = Debug|Any CPU
		{3166BA29-F1AD-4CE8-97FC-C778D54082B7}.Debug|x64.ActiveCfg = Debug|Any CPU
		{3166BA29-F1AD-4CE8-97FC-C778D54082B7}.Debug|x64.Build.0 = Debug|Any CPU
		{3166BA29-F1AD-4CE8-97FC-C778D54082B7}.Debug|x86.ActiveCfg = Debug|Any CPU
		{3166BA29-F1AD-4CE8-97FC-C778D54082B7}.Debug|x86.Build.0 = Debug|Any CPU
		{3166BA29-F1AD-4CE8-97FC-C778D54082B7}.Release|Any CPU.ActiveCfg = Release|Any CPU
		{3166BA29-F1AD-4CE8-97FC-C778D54082B7}.Release|Any CPU.Build.0 = Release|Any CPU
		{3166BA29-F1AD-4CE8-97FC-C778D54082B7}.Release|x64.ActiveCfg = Release|Any CPU
		{3166BA29-F1AD-4CE8-97FC-C778D54082B7}.Release|x64.Build.0 = Release|Any CPU
		{3166BA29-F1AD-4CE8-97FC-C778D54082B7}.Release|x86.ActiveCfg = Release|Any CPU
		{3166BA29-F1AD-4CE8-97FC-C778D54082B7}.Release|x86.Build.0 = Release|Any CPU
		{1D7CC29C-FBC3-41B5-BDF3-8B11E13EC3A7}.Debug|Any CPU.ActiveCfg = Debug|Any CPU
		{1D7CC29C-FBC3-41B5-BDF3-8B11E13EC3A7}.Debug|Any CPU.Build.0 = Debug|Any CPU
		{1D7CC29C-FBC3-41B5-BDF3-8B11E13EC3A7}.Debug|x64.ActiveCfg = Debug|Any CPU
		{1D7CC29C-FBC3-41B5-BDF3-8B11E13EC3A7}.Debug|x64.Build.0 = Debug|Any CPU
		{1D7CC29C-FBC3-41B5-BDF3-8B11E13EC3A7}.Debug|x86.ActiveCfg = Debug|Any CPU
		{1D7CC29C-FBC3-41B5-BDF3-8B11E13EC3A7}.Debug|x86.Build.0 = Debug|Any CPU
		{1D7CC29C-FBC3-41B5-BDF3-8B11E13EC3A7}.Release|Any CPU.ActiveCfg = Release|Any CPU
		{1D7CC29C-FBC3-41B5-BDF3-8B11E13EC3A7}.Release|Any CPU.Build.0 = Release|Any CPU
		{1D7CC29C-FBC3-41B5-BDF3-8B11E13EC3A7}.Release|x64.ActiveCfg = Release|Any CPU
		{1D7CC29C-FBC3-41B5-BDF3-8B11E13EC3A7}.Release|x64.Build.0 = Release|Any CPU
		{1D7CC29C-FBC3-41B5-BDF3-8B11E13EC3A7}.Release|x86.ActiveCfg = Release|Any CPU
		{1D7CC29C-FBC3-41B5-BDF3-8B11E13EC3A7}.Release|x86.Build.0 = Release|Any CPU
		{330F8602-8BF3-4FBD-9A88-A33E337E8E9A}.Debug|Any CPU.ActiveCfg = Debug|Any CPU
		{330F8602-8BF3-4FBD-9A88-A33E337E8E9A}.Debug|Any CPU.Build.0 = Debug|Any CPU
		{330F8602-8BF3-4FBD-9A88-A33E337E8E9A}.Debug|x64.ActiveCfg = Debug|Any CPU
		{330F8602-8BF3-4FBD-9A88-A33E337E8E9A}.Debug|x64.Build.0 = Debug|Any CPU
		{330F8602-8BF3-4FBD-9A88-A33E337E8E9A}.Debug|x86.ActiveCfg = Debug|Any CPU
		{330F8602-8BF3-4FBD-9A88-A33E337E8E9A}.Debug|x86.Build.0 = Debug|Any CPU
		{330F8602-8BF3-4FBD-9A88-A33E337E8E9A}.Release|Any CPU.ActiveCfg = Release|Any CPU
		{330F8602-8BF3-4FBD-9A88-A33E337E8E9A}.Release|Any CPU.Build.0 = Release|Any CPU
		{330F8602-8BF3-4FBD-9A88-A33E337E8E9A}.Release|x64.ActiveCfg = Release|Any CPU
		{330F8602-8BF3-4FBD-9A88-A33E337E8E9A}.Release|x64.Build.0 = Release|Any CPU
		{330F8602-8BF3-4FBD-9A88-A33E337E8E9A}.Release|x86.ActiveCfg = Release|Any CPU
		{330F8602-8BF3-4FBD-9A88-A33E337E8E9A}.Release|x86.Build.0 = Release|Any CPU
		{D583E52E-3489-461C-A245-646C7AC90964}.Debug|Any CPU.ActiveCfg = Debug|Any CPU
		{D583E52E-3489-461C-A245-646C7AC90964}.Debug|Any CPU.Build.0 = Debug|Any CPU
		{D583E52E-3489-461C-A245-646C7AC90964}.Debug|x64.ActiveCfg = Debug|Any CPU
		{D583E52E-3489-461C-A245-646C7AC90964}.Debug|x64.Build.0 = Debug|Any CPU
		{D583E52E-3489-461C-A245-646C7AC90964}.Debug|x86.ActiveCfg = Debug|Any CPU
		{D583E52E-3489-461C-A245-646C7AC90964}.Debug|x86.Build.0 = Debug|Any CPU
		{D583E52E-3489-461C-A245-646C7AC90964}.Release|Any CPU.ActiveCfg = Release|Any CPU
		{D583E52E-3489-461C-A245-646C7AC90964}.Release|Any CPU.Build.0 = Release|Any CPU
		{D583E52E-3489-461C-A245-646C7AC90964}.Release|x64.ActiveCfg = Release|Any CPU
		{D583E52E-3489-461C-A245-646C7AC90964}.Release|x64.Build.0 = Release|Any CPU
		{D583E52E-3489-461C-A245-646C7AC90964}.Release|x86.ActiveCfg = Release|Any CPU
		{D583E52E-3489-461C-A245-646C7AC90964}.Release|x86.Build.0 = Release|Any CPU
		{0CA3B689-C9D4-4D62-9431-2B73E2CFED8B}.Debug|Any CPU.ActiveCfg = Debug|Any CPU
		{0CA3B689-C9D4-4D62-9431-2B73E2CFED8B}.Debug|Any CPU.Build.0 = Debug|Any CPU
		{0CA3B689-C9D4-4D62-9431-2B73E2CFED8B}.Debug|x64.ActiveCfg = Debug|Any CPU
		{0CA3B689-C9D4-4D62-9431-2B73E2CFED8B}.Debug|x64.Build.0 = Debug|Any CPU
		{0CA3B689-C9D4-4D62-9431-2B73E2CFED8B}.Debug|x86.ActiveCfg = Debug|Any CPU
		{0CA3B689-C9D4-4D62-9431-2B73E2CFED8B}.Debug|x86.Build.0 = Debug|Any CPU
		{0CA3B689-C9D4-4D62-9431-2B73E2CFED8B}.Release|Any CPU.ActiveCfg = Release|Any CPU
		{0CA3B689-C9D4-4D62-9431-2B73E2CFED8B}.Release|Any CPU.Build.0 = Release|Any CPU
		{0CA3B689-C9D4-4D62-9431-2B73E2CFED8B}.Release|x64.ActiveCfg = Release|Any CPU
		{0CA3B689-C9D4-4D62-9431-2B73E2CFED8B}.Release|x64.Build.0 = Release|Any CPU
		{0CA3B689-C9D4-4D62-9431-2B73E2CFED8B}.Release|x86.ActiveCfg = Release|Any CPU
		{0CA3B689-C9D4-4D62-9431-2B73E2CFED8B}.Release|x86.Build.0 = Release|Any CPU
	EndGlobalSection
	GlobalSection(SolutionProperties) = preSolution
		HideSolutionNode = FALSE
	EndGlobalSection
	GlobalSection(ExtensibilityGlobals) = postSolution
		SolutionGuid = {E5EB5E42-6883-44FC-853E-913E1AD0F887}
	EndGlobalSection
EndGlobal
