
Microsoft Visual Studio Solution File, Format Version 12.00
# Visual Studio Version 17
VisualStudioVersion = 17.11.35327.3
MinimumVisualStudioVersion = 10.0.40219.1
Project("{2150E333-8FDC-42A3-9474-1A3956D46DE8}") = "Services", "Services", "{B7A4618E-079F-4F75-AC2A-EC5BA7D7AE38}"
EndProject
Project("{FAE04EC0-301F-11D3-BF4B-00C04F79EFBC}") = "EShop.Services.ProductAPI", "EShop.Services.ProductAPI\EShop.Services.ProductAPI.csproj", "{B558A993-6A29-4E4C-A396-9C51C05C5A01}"
EndProject
Global
	GlobalSection(SolutionConfigurationPlatforms) = preSolution
		Debug|Any CPU = Debug|Any CPU
		Release|Any CPU = Release|Any CPU
	EndGlobalSection
	GlobalSection(ProjectConfigurationPlatforms) = postSolution
		{B558A993-6A29-4E4C-A396-9C51C05C5A01}.Debug|Any CPU.ActiveCfg = Debug|Any CPU
		{B558A993-6A29-4E4C-A396-9C51C05C5A01}.Debug|Any CPU.Build.0 = Debug|Any CPU
		{B558A993-6A29-4E4C-A396-9C51C05C5A01}.Release|Any CPU.ActiveCfg = Release|Any CPU
		{B558A993-6A29-4E4C-A396-9C51C05C5A01}.Release|Any CPU.Build.0 = Release|Any CPU
	EndGlobalSection
	GlobalSection(SolutionProperties) = preSolution
		HideSolutionNode = FALSE
	EndGlobalSection
	GlobalSection(NestedProjects) = preSolution
		{B558A993-6A29-4E4C-A396-9C51C05C5A01} = {B7A4618E-079F-4F75-AC2A-EC5BA7D7AE38}
	EndGlobalSection
	GlobalSection(ExtensibilityGlobals) = postSolution
		SolutionGuid = {28B2C945-355C-4906-9421-F4AFD927A8D0}
	EndGlobalSection
EndGlobal
